
Microsoft Visual Studio Solution File, Format Version 12.00
# Visual Studio 15
Project("{FAE04EC0-301F-11D3-BF4B-00C04F79EFBC}") = "Assembly-CSharp", "Assembly-CSharp.csproj", "{6098D2D2-2F4E-C283-AE14-ECB1447E34B2}"
EndProject
Project("{FAE04EC0-301F-11D3-BF4B-00C04F79EFBC}") = "Assembly-CSharp-firstpass", "Assembly-CSharp-firstpass.csproj", "{C5239E99-C640-6AB2-3F6C-C924380901DA}"
EndProject
Project("{FAE04EC0-301F-11D3-BF4B-00C04F79EFBC}") = "CFXREditor", "CFXREditor.csproj", "{6E4720F7-6CED-ACCD-2025-92F12852A695}"
EndProject
Global
	GlobalSection(SolutionConfigurationPlatforms) = preSolution
		Debug|Any CPU = Debug|Any CPU
		Release|Any CPU = Release|Any CPU
	EndGlobalSection
	GlobalSection(ProjectConfigurationPlatforms) = postSolution
		{6098D2D2-2F4E-C283-AE14-ECB1447E34B2}.Debug|Any CPU.ActiveCfg = Debug|Any CPU
		{6098D2D2-2F4E-C283-AE14-ECB1447E34B2}.Debug|Any CPU.Build.0 = Debug|Any CPU
		{6098D2D2-2F4E-C283-AE14-ECB1447E34B2}.Release|Any CPU.ActiveCfg = Release|Any CPU
		{6098D2D2-2F4E-C283-AE14-ECB1447E34B2}.Release|Any CPU.Build.0 = Release|Any CPU
		{C5239E99-C640-6AB2-3F6C-C924380901DA}.Debug|Any CPU.ActiveCfg = Debug|Any CPU
		{C5239E99-C640-6AB2-3F6C-C924380901DA}.Debug|Any CPU.Build.0 = Debug|Any CPU
		{C5239E99-C640-6AB2-3F6C-C924380901DA}.Release|Any CPU.ActiveCfg = Release|Any CPU
		{C5239E99-C640-6AB2-3F6C-C924380901DA}.Release|Any CPU.Build.0 = Release|Any CPU
		{6E4720F7-6CED-ACCD-2025-92F12852A695}.Debug|Any CPU.ActiveCfg = Debug|Any CPU
		{6E4720F7-6CED-ACCD-2025-92F12852A695}.Debug|Any CPU.Build.0 = Debug|Any CPU
		{6E4720F7-6CED-ACCD-2025-92F12852A695}.Release|Any CPU.ActiveCfg = Release|Any CPU
		{6E4720F7-6CED-ACCD-2025-92F12852A695}.Release|Any CPU.Build.0 = Release|Any CPU
	EndGlobalSection
	GlobalSection(SolutionProperties) = preSolution
		HideSolutionNode = FALSE
	EndGlobalSection
EndGlobal
